
Microsoft Visual Studio Solution File, Format Version 12.00
# Visual Studio Version 16
VisualStudioVersion = 16.0.29326.143
MinimumVisualStudioVersion = 10.0.40219.1
Project("{FAE04EC0-301F-11D3-BF4B-00C04F79EFBC}") = "AuxiliarKinect2", "AuxiliarKinect2\AuxiliarKinect2.csproj", "{96D03A0B-976D-40DA-B09C-A48920E11E98}"
EndProject
Global
	GlobalSection(SolutionConfigurationPlatforms) = preSolution
		Debug|Any CPU = Debug|Any CPU
		Release|Any CPU = Release|Any CPU
	EndGlobalSection
	GlobalSection(ProjectConfigurationPlatforms) = postSolution
		{96D03A0B-976D-40DA-B09C-A48920E11E98}.Debug|Any CPU.ActiveCfg = Debug|Any CPU
		{96D03A0B-976D-40DA-B09C-A48920E11E98}.Debug|Any CPU.Build.0 = Debug|Any CPU
		{96D03A0B-976D-40DA-B09C-A48920E11E98}.Release|Any CPU.ActiveCfg = Release|Any CPU
		{96D03A0B-976D-40DA-B09C-A48920E11E98}.Release|Any CPU.Build.0 = Release|Any CPU
	EndGlobalSection
	GlobalSection(SolutionProperties) = preSolution
		HideSolutionNode = FALSE
	EndGlobalSection
	GlobalSection(ExtensibilityGlobals) = postSolution
		SolutionGuid = {9DC40A30-CC59-463A-8641-58157193E8A3}
	EndGlobalSection
EndGlobal
